
Microsoft Visual Studio Solution File, Format Version 12.00
# Visual Studio Version 17
VisualStudioVersion = 17.1.32414.318
MinimumVisualStudioVersion = 10.0.40219.1
Project("{FAE04EC0-301F-11D3-BF4B-00C04F79EFBC}") = "AuthService", "AuthService\AuthService.csproj", "{C60D3670-007F-4721-ADA3-02597544FB68}"
EndProject
Project("{FAE04EC0-301F-11D3-BF4B-00C04F79EFBC}") = "TaskTrackerService", "TaskTrackerService\TaskTrackerService.csproj", "{7AB6A94D-3542-48C6-88F5-1E4162C119E1}"
EndProject
Project("{FAE04EC0-301F-11D3-BF4B-00C04F79EFBC}") = "Common", "Common\Common.csproj", "{88C7E439-1B98-4915-BA9D-08763DF378AF}"
EndProject
Global
	GlobalSection(SolutionConfigurationPlatforms) = preSolution
		Debug|Any CPU = Debug|Any CPU
		Release|Any CPU = Release|Any CPU
	EndGlobalSection
	GlobalSection(ProjectConfigurationPlatforms) = postSolution
		{C60D3670-007F-4721-ADA3-02597544FB68}.Debug|Any CPU.ActiveCfg = Debug|Any CPU
		{C60D3670-007F-4721-ADA3-02597544FB68}.Debug|Any CPU.Build.0 = Debug|Any CPU
		{C60D3670-007F-4721-ADA3-02597544FB68}.Release|Any CPU.ActiveCfg = Release|Any CPU
		{C60D3670-007F-4721-ADA3-02597544FB68}.Release|Any CPU.Build.0 = Release|Any CPU
		{7AB6A94D-3542-48C6-88F5-1E4162C119E1}.Debug|Any CPU.ActiveCfg = Debug|Any CPU
		{7AB6A94D-3542-48C6-88F5-1E4162C119E1}.Debug|Any CPU.Build.0 = Debug|Any CPU
		{7AB6A94D-3542-48C6-88F5-1E4162C119E1}.Release|Any CPU.ActiveCfg = Release|Any CPU
		{7AB6A94D-3542-48C6-88F5-1E4162C119E1}.Release|Any CPU.Build.0 = Release|Any CPU
		{88C7E439-1B98-4915-BA9D-08763DF378AF}.Debug|Any CPU.ActiveCfg = Debug|Any CPU
		{88C7E439-1B98-4915-BA9D-08763DF378AF}.Debug|Any CPU.Build.0 = Debug|Any CPU
		{88C7E439-1B98-4915-BA9D-08763DF378AF}.Release|Any CPU.ActiveCfg = Release|Any CPU
		{88C7E439-1B98-4915-BA9D-08763DF378AF}.Release|Any CPU.Build.0 = Release|Any CPU
	EndGlobalSection
	GlobalSection(SolutionProperties) = preSolution
		HideSolutionNode = FALSE
	EndGlobalSection
	GlobalSection(ExtensibilityGlobals) = postSolution
		SolutionGuid = {01065DAD-AA47-4CCF-B314-43175522B76B}
	EndGlobalSection
EndGlobal
